lockVersion: 2.0.0
id: 3bcbe03c-bc65-49ca-8c8d-02e32a18f282
management:
  docChecksum: 09467363775cd29b9b6f87710c2a5d57
  docVersion: 1.0.0
  speakeasyVersion: 1.285.1
  generationVersion: 2.326.3
  releaseVersion: 0.6.0
  configChecksum: 110717cf6f59e783f4913803edb075d6
  repoURL: https://github.com/anuraagnalluri/codat-oas.git
  repoSubDirectory: .
  installationURL: https://github.com/anuraagnalluri/codat-oas
  published: true
features:
  go:
    additionalDependencies: 0.1.0
    core: 3.4.7
    flattening: 2.81.1
    globalSecurityCallbacks: 0.1.0
    globalServerURLs: 2.82.2
    intellisenseMarkdownSupport: 0.1.0
    responseFormat: 0.1.1
    sdkHooks: 0.1.0
generatedFiles:
  - pets.go
  - test.go
  - go.mod
  - models/sdkerrors/sdkerror.go
  - types/bigint.go
  - types/date.go
  - types/datetime.go
  - types/decimal.go
  - types/pointers.go
  - internal/utils/contenttype.go
  - internal/utils/form.go
  - internal/utils/headers.go
  - internal/utils/json.go
  - internal/utils/pathparams.go
  - internal/utils/queryparams.go
  - internal/utils/requestbody.go
  - internal/utils/retries.go
  - internal/utils/security.go
  - internal/utils/utils.go
  - /models/operations/listpets.go
  - /models/operations/createpets.go
  - /models/operations/showpetbyid.go
  - /models/components/error.go
  - /models/components/pet.go
  - docs/models/operations/listpetsrequest.md
  - docs/models/operations/listpetsresponse.md
  - docs/models/operations/createpetsresponse.md
  - docs/models/operations/showpetbyidrequest.md
  - docs/models/operations/showpetbyidresponse.md
  - docs/models/components/error.md
  - docs/models/components/pet.md
  - USAGE.md
  - .gitattributes
  - internal/hooks/hooks.go
